<Solution>
  <Folder Name="/deps/" />
  <Folder Name="/deps/ABAC/">
    <Project Path="../../pkgs/Altinn.Authorization.ABAC/src/Altinn.Authorization.ABAC/Altinn.Authorization.ABAC.csproj" />
  </Folder>
  <Folder Name="/deps/PEP/">
    <Project Path="../../pkgs/Altinn.Authorization.PEP/src/Altinn.Authorization.PEP/Altinn.Authorization.PEP.csproj" />
  </Folder>
  <Folder Name="/deps/Api.Contracts/">
    <Project Path="../../libs/Altinn.Authorization.Api.Contracts/src/Altinn.Authorization.Api.Contracts/Altinn.Authorization.Api.Contracts.csproj" />
  </Folder>
  <Folder Name="/deps/Host/">
    <Project Path="../../libs/Altinn.Authorization.Host/src/Altinn.Authorization.Host/Altinn.Authorization.Host.csproj" />
    <Project Path="../../libs/Altinn.Authorization.Host/src/Altinn.Authorization.Host.Database/Altinn.Authorization.Host.Database.csproj" />
    <Project Path="../../libs/Altinn.Authorization.Host/src/Altinn.Authorization.Host.Lease/Altinn.Authorization.Host.Lease.csproj" />
    <Project Path="../../libs/Altinn.Authorization.Host/src/Altinn.Authorization.Host.MassTransit/Altinn.Authorization.Host.MassTransit.csproj" />
    <Project Path="../../libs/Altinn.Authorization.Host/src/Altinn.Authorization.Host.Pipeline/Altinn.Authorization.Host.Pipeline.csproj" />
  </Folder>
  <Folder Name="/deps/Integration/">
    <Project Path="../../libs/Altinn.Authorization.Integration/src/Altinn.Authorization.Integration.Platform/Altinn.Authorization.Integration.Platform.csproj" />
  </Folder>
  <Folder Name="/deps/Testing/">
    <Project Path="../../libs/Altinn.Authorization.Testing/src/Altinn.Authorization.Testing/Altinn.Authorization.Testing.csproj" />
  </Folder>
  <Folder Name="/src/">
    <Project Path="src/Altinn.AccessManagement/Altinn.AccessManagement.csproj" />
    <Project Path="src/Altinn.AccessManagement.Api.Enduser/Altinn.AccessManagement.Api.Enduser.csproj" />
    <Project Path="src/Altinn.AccessManagement.Api.Enterprise/Altinn.AccessManagement.Api.Enterprise.csproj" />
    <Project Path="src/Altinn.AccessManagement.Api.Internal/Altinn.AccessManagement.Api.Internal.csproj" />
    <Project Path="src/Altinn.AccessManagement.Api.Maskinporten/Altinn.AccessManagement.Api.Maskinporten.csproj" />
    <Project Path="src/Altinn.AccessManagement.Api.Metadata/Altinn.AccessManagement.Api.Metadata.csproj" />
    <Project Path="src/Altinn.AccessManagement.Api.ServiceOwner/Altinn.AccessManagement.Api.ServiceOwner.csproj" />
    <Project Path="src/Altinn.AccessManagement.AppHost/Altinn.AccessManagement.AppHost.csproj" />
    <Project Path="src/Altinn.AccessManagement.Core/Altinn.AccessManagement.Core.csproj" />
    <Project Path="src/Altinn.AccessManagement.Integration/Altinn.AccessManagement.Integration.csproj" />
    <Project Path="src/Altinn.AccessManagement.Persistence/Altinn.AccessManagement.Persistence.csproj" />
    <Project Path="src/Altinn.AccessMgmt.Core/Altinn.AccessMgmt.Core.csproj" />
    <Project Path="src/Altinn.AccessMgmt.PersistenceEF/Altinn.AccessMgmt.PersistenceEF.csproj" />
  </Folder>
  <Folder Name="/test/">
    <Project Path="test/Altinn.AccessManagement.Api.Internal.Tests/Altinn.AccessManagement.Api.Internal.Tests.csproj" />
    <Project Path="test/Altinn.AccessManagement.Api.Tests/Altinn.AccessManagement.Api.Tests.csproj" />
    <Project Path="test/Altinn.AccessManagement.Enduser.Api.Tests/Altinn.AccessManagement.Enduser.Api.Tests.csproj" />
    <Project Path="test/Altinn.AccessManagement.ServiceOwner.Api.Tests/Altinn.AccessManagement.ServiceOwner.Api.Tests.csproj" />
    <Project Path="test/AccessMgmt.Tests/Altinn.AccessManagement.Tests.csproj" />
    <Project Path="test/Altinn.AccessMgmt.Core.Tests/Altinn.AccessMgmt.Core.Tests.csproj" />
    <Project Path="test/Altinn.AccessMgmt.PersistenceEF.Tests/Altinn.AccessMgmt.PersistenceEF.Tests.csproj" />
  </Folder>
  <Folder Name="/test/lib/">
    <Project Path="test/Altinn.AccessManagement.TestUtils/Altinn.AccessManagement.TestUtils.csproj" />
  </Folder>
</Solution>
